
Microsoft Visual Studio Solution File, Format Version 12.00
Project("{FAE04EC0-301F-11D3-BF4B-00C04F79EFBC}") = "ControllerSimulationGeneticProgram", "ControllerSimulationGeneticProgram\ControllerSimulationGeneticProgram.csproj", "{B8347640-2A86-4F65-A871-D23A4B3AE609}"
EndProject
Global
	GlobalSection(SolutionConfigurationPlatforms) = preSolution
		Debug|Any CPU = Debug|Any CPU
		Release|Any CPU = Release|Any CPU
	EndGlobalSection
	GlobalSection(ProjectConfigurationPlatforms) = postSolution
		{B8347640-2A86-4F65-A871-D23A4B3AE609}.Debug|Any CPU.ActiveCfg = Debug|Any CPU
		{B8347640-2A86-4F65-A871-D23A4B3AE609}.Debug|Any CPU.Build.0 = Debug|Any CPU
		{B8347640-2A86-4F65-A871-D23A4B3AE609}.Release|Any CPU.ActiveCfg = Release|Any CPU
		{B8347640-2A86-4F65-A871-D23A4B3AE609}.Release|Any CPU.Build.0 = Release|Any CPU
	EndGlobalSection
EndGlobal
